
Microsoft Visual Studio Solution File, Format Version 12.00
# Visual Studio Version 17
VisualStudioVersion = 17.0.31903.59
MinimumVisualStudioVersion = 10.0.40219.1
Project("{2150E333-8FDC-42A3-9474-1A3956D46DE8}") = "src", "src", "{827E0CD3-B72D-47B6-A68D-7590B98EB39B}"
EndProject
Project("{FAE04EC0-301F-11D3-BF4B-00C04F79EFBC}") = "Qorpe.Mediator", "src\Qorpe.Mediator\Qorpe.Mediator.csproj", "{60DD9E79-9080-4FCB-B7DE-90B6EC1B2C3F}"
EndProject
Project("{FAE04EC0-301F-11D3-BF4B-00C04F79EFBC}") = "Qorpe.Mediator.FluentValidation", "src\Qorpe.Mediator.FluentValidation\Qorpe.Mediator.FluentValidation.csproj", "{73CFF48C-E53E-4C22-9DB4-0C7F7262756A}"
EndProject
Project("{FAE04EC0-301F-11D3-BF4B-00C04F79EFBC}") = "Qorpe.Mediator.Behaviors", "src\Qorpe.Mediator.Behaviors\Qorpe.Mediator.Behaviors.csproj", "{3BDF7F39-6F78-49E6-AF5F-8B24D8C84FC0}"
EndProject
Project("{FAE04EC0-301F-11D3-BF4B-00C04F79EFBC}") = "Qorpe.Mediator.AspNetCore", "src\Qorpe.Mediator.AspNetCore\Qorpe.Mediator.AspNetCore.csproj", "{0A6B7FE7-D65F-4D00-B527-2AEBA533AAE6}"
EndProject
Project("{FAE04EC0-301F-11D3-BF4B-00C04F79EFBC}") = "Qorpe.Mediator.Contracts", "src\Qorpe.Mediator.Contracts\Qorpe.Mediator.Contracts.csproj", "{13D334F6-76A1-440A-B464-63988EF34CA6}"
EndProject
Project("{2150E333-8FDC-42A3-9474-1A3956D46DE8}") = "tests", "tests", "{0AB3BF05-4346-4AA6-1389-037BE0695223}"
EndProject
Project("{FAE04EC0-301F-11D3-BF4B-00C04F79EFBC}") = "Qorpe.Mediator.UnitTests", "tests\Qorpe.Mediator.UnitTests\Qorpe.Mediator.UnitTests.csproj", "{1BE52906-F2B5-4D9D-ABB2-52CE5DF3BEC5}"
EndProject
Project("{FAE04EC0-301F-11D3-BF4B-00C04F79EFBC}") = "Qorpe.Mediator.IntegrationTests", "tests\Qorpe.Mediator.IntegrationTests\Qorpe.Mediator.IntegrationTests.csproj", "{8C8DCDF9-3F9A-42CF-BC78-249BC813CB57}"
EndProject
Project("{FAE04EC0-301F-11D3-BF4B-00C04F79EFBC}") = "Qorpe.Mediator.LoadTests", "tests\Qorpe.Mediator.LoadTests\Qorpe.Mediator.LoadTests.csproj", "{6C2E66D4-D081-4655-AEF5-E635EE046250}"
EndProject
Project("{FAE04EC0-301F-11D3-BF4B-00C04F79EFBC}") = "Qorpe.Mediator.Benchmarks", "tests\Qorpe.Mediator.Benchmarks\Qorpe.Mediator.Benchmarks.csproj", "{E01D8C04-3DF5-435F-8978-F65DAD31A01D}"
EndProject
Project("{FAE04EC0-301F-11D3-BF4B-00C04F79EFBC}") = "Qorpe.Mediator.Sample.ECommerce", "tests\Qorpe.Mediator.Sample.ECommerce\Qorpe.Mediator.Sample.ECommerce.csproj", "{D008B3B5-9E8D-4719-A6DB-88B62A174BDD}"
EndProject
Global
	GlobalSection(SolutionConfigurationPlatforms) = preSolution
		Debug|Any CPU = Debug|Any CPU
		Debug|x64 = Debug|x64
		Debug|x86 = Debug|x86
		Release|Any CPU = Release|Any CPU
		Release|x64 = Release|x64
		Release|x86 = Release|x86
	EndGlobalSection
	GlobalSection(ProjectConfigurationPlatforms) = postSolution
		{60DD9E79-9080-4FCB-B7DE-90B6EC1B2C3F}.Debug|Any CPU.ActiveCfg = Debug|Any CPU
		{60DD9E79-9080-4FCB-B7DE-90B6EC1B2C3F}.Debug|Any CPU.Build.0 = Debug|Any CPU
		{60DD9E79-9080-4FCB-B7DE-90B6EC1B2C3F}.Debug|x64.ActiveCfg = Debug|Any CPU
		{60DD9E79-9080-4FCB-B7DE-90B6EC1B2C3F}.Debug|x64.Build.0 = Debug|Any CPU
		{60DD9E79-9080-4FCB-B7DE-90B6EC1B2C3F}.Debug|x86.ActiveCfg = Debug|Any CPU
		{60DD9E79-9080-4FCB-B7DE-90B6EC1B2C3F}.Debug|x86.Build.0 = Debug|Any CPU
		{60DD9E79-9080-4FCB-B7DE-90B6EC1B2C3F}.Release|Any CPU.ActiveCfg = Release|Any CPU
		{60DD9E79-9080-4FCB-B7DE-90B6EC1B2C3F}.Release|Any CPU.Build.0 = Release|Any CPU
		{60DD9E79-9080-4FCB-B7DE-90B6EC1B2C3F}.Release|x64.ActiveCfg = Release|Any CPU
		{60DD9E79-9080-4FCB-B7DE-90B6EC1B2C3F}.Release|x64.Build.0 = Release|Any CPU
		{60DD9E79-9080-4FCB-B7DE-90B6EC1B2C3F}.Release|x86.ActiveCfg = Release|Any CPU
		{60DD9E79-9080-4FCB-B7DE-90B6EC1B2C3F}.Release|x86.Build.0 = Release|Any CPU
		{73CFF48C-E53E-4C22-9DB4-0C7F7262756A}.Debug|Any CPU.ActiveCfg = Debug|Any CPU
		{73CFF48C-E53E-4C22-9DB4-0C7F7262756A}.Debug|Any CPU.Build.0 = Debug|Any CPU
		{73CFF48C-E53E-4C22-9DB4-0C7F7262756A}.Debug|x64.ActiveCfg = Debug|Any CPU
		{73CFF48C-E53E-4C22-9DB4-0C7F7262756A}.Debug|x64.Build.0 = Debug|Any CPU
		{73CFF48C-E53E-4C22-9DB4-0C7F7262756A}.Debug|x86.ActiveCfg = Debug|Any CPU
		{73CFF48C-E53E-4C22-9DB4-0C7F7262756A}.Debug|x86.Build.0 = Debug|Any CPU
		{73CFF48C-E53E-4C22-9DB4-0C7F7262756A}.Release|Any CPU.ActiveCfg = Release|Any CPU
		{73CFF48C-E53E-4C22-9DB4-0C7F7262756A}.Release|Any CPU.Build.0 = Release|Any CPU
		{73CFF48C-E53E-4C22-9DB4-0C7F7262756A}.Release|x64.ActiveCfg = Release|Any CPU
		{73CFF48C-E53E-4C22-9DB4-0C7F7262756A}.Release|x64.Build.0 = Release|Any CPU
		{73CFF48C-E53E-4C22-9DB4-0C7F7262756A}.Release|x86.ActiveCfg = Release|Any CPU
		{73CFF48C-E53E-4C22-9DB4-0C7F7262756A}.Release|x86.Build.0 = Release|Any CPU
		{3BDF7F39-6F78-49E6-AF5F-8B24D8C84FC0}.Debug|Any CPU.ActiveCfg = Debug|Any CPU
		{3BDF7F39-6F78-49E6-AF5F-8B24D8C84FC0}.Debug|Any CPU.Build.0 = Debug|Any CPU
		{3BDF7F39-6F78-49E6-AF5F-8B24D8C84FC0}.Debug|x64.ActiveCfg = Debug|Any CPU
		{3BDF7F39-6F78-49E6-AF5F-8B24D8C84FC0}.Debug|x64.Build.0 = Debug|Any CPU
		{3BDF7F39-6F78-49E6-AF5F-8B24D8C84FC0}.Debug|x86.ActiveCfg = Debug|Any CPU
		{3BDF7F39-6F78-49E6-AF5F-8B24D8C84FC0}.Debug|x86.Build.0 = Debug|Any CPU
		{3BDF7F39-6F78-49E6-AF5F-8B24D8C84FC0}.Release|Any CPU.ActiveCfg = Release|Any CPU
		{3BDF7F39-6F78-49E6-AF5F-8B24D8C84FC0}.Release|Any CPU.Build.0 = Release|Any CPU
		{3BDF7F39-6F78-49E6-AF5F-8B24D8C84FC0}.Release|x64.ActiveCfg = Release|Any CPU
		{3BDF7F39-6F78-49E6-AF5F-8B24D8C84FC0}.Release|x64.Build.0 = Release|Any CPU
		{3BDF7F39-6F78-49E6-AF5F-8B24D8C84FC0}.Release|x86.ActiveCfg = Release|Any CPU
		{3BDF7F39-6F78-49E6-AF5F-8B24D8C84FC0}.Release|x86.Build.0 = Release|Any CPU
		{0A6B7FE7-D65F-4D00-B527-2AEBA533AAE6}.Debug|Any CPU.ActiveCfg = Debug|Any CPU
		{0A6B7FE7-D65F-4D00-B527-2AEBA533AAE6}.Debug|Any CPU.Build.0 = Debug|Any CPU
		{0A6B7FE7-D65F-4D00-B527-2AEBA533AAE6}.Debug|x64.ActiveCfg = Debug|Any CPU
		{0A6B7FE7-D65F-4D00-B527-2AEBA533AAE6}.Debug|x64.Build.0 = Debug|Any CPU
		{0A6B7FE7-D65F-4D00-B527-2AEBA533AAE6}.Debug|x86.ActiveCfg = Debug|Any CPU
		{0A6B7FE7-D65F-4D00-B527-2AEBA533AAE6}.Debug|x86.Build.0 = Debug|Any CPU
		{0A6B7FE7-D65F-4D00-B527-2AEBA533AAE6}.Release|Any CPU.ActiveCfg = Release|Any CPU
		{0A6B7FE7-D65F-4D00-B527-2AEBA533AAE6}.Release|Any CPU.Build.0 = Release|Any CPU
		{0A6B7FE7-D65F-4D00-B527-2AEBA533AAE6}.Release|x64.ActiveCfg = Release|Any CPU
		{0A6B7FE7-D65F-4D00-B527-2AEBA533AAE6}.Release|x64.Build.0 = Release|Any CPU
		{0A6B7FE7-D65F-4D00-B527-2AEBA533AAE6}.Release|x86.ActiveCfg = Release|Any CPU
		{0A6B7FE7-D65F-4D00-B527-2AEBA533AAE6}.Release|x86.Build.0 = Release|Any CPU
		{13D334F6-76A1-440A-B464-63988EF34CA6}.Debug|Any CPU.ActiveCfg = Debug|Any CPU
		{13D334F6-76A1-440A-B464-63988EF34CA6}.Debug|Any CPU.Build.0 = Debug|Any CPU
		{13D334F6-76A1-440A-B464-63988EF34CA6}.Debug|x64.ActiveCfg = Debug|Any CPU
		{13D334F6-76A1-440A-B464-63988EF34CA6}.Debug|x64.Build.0 = Debug|Any CPU
		{13D334F6-76A1-440A-B464-63988EF34CA6}.Debug|x86.ActiveCfg = Debug|Any CPU
		{13D334F6-76A1-440A-B464-63988EF34CA6}.Debug|x86.Build.0 = Debug|Any CPU
		{13D334F6-76A1-440A-B464-63988EF34CA6}.Release|Any CPU.ActiveCfg = Release|Any CPU
		{13D334F6-76A1-440A-B464-63988EF34CA6}.Release|Any CPU.Build.0 = Release|Any CPU
		{13D334F6-76A1-440A-B464-63988EF34CA6}.Release|x64.ActiveCfg = Release|Any CPU
		{13D334F6-76A1-440A-B464-63988EF34CA6}.Release|x64.Build.0 = Release|Any CPU
		{13D334F6-76A1-440A-B464-63988EF34CA6}.Release|x86.ActiveCfg = Release|Any CPU
		{13D334F6-76A1-440A-B464-63988EF34CA6}.Release|x86.Build.0 = Release|Any CPU
		{1BE52906-F2B5-4D9D-ABB2-52CE5DF3BEC5}.Debug|Any CPU.ActiveCfg = Debug|Any CPU
		{1BE52906-F2B5-4D9D-ABB2-52CE5DF3BEC5}.Debug|Any CPU.Build.0 = Debug|Any CPU
		{1BE52906-F2B5-4D9D-ABB2-52CE5DF3BEC5}.Debug|x64.ActiveCfg = Debug|Any CPU
		{1BE52906-F2B5-4D9D-ABB2-52CE5DF3BEC5}.Debug|x64.Build.0 = Debug|Any CPU
		{1BE52906-F2B5-4D9D-ABB2-52CE5DF3BEC5}.Debug|x86.ActiveCfg = Debug|Any CPU
		{1BE52906-F2B5-4D9D-ABB2-52CE5DF3BEC5}.Debug|x86.Build.0 = Debug|Any CPU
		{1BE52906-F2B5-4D9D-ABB2-52CE5DF3BEC5}.Release|Any CPU.ActiveCfg = Release|Any CPU
		{1BE52906-F2B5-4D9D-ABB2-52CE5DF3BEC5}.Release|Any CPU.Build.0 = Release|Any CPU
		{1BE52906-F2B5-4D9D-ABB2-52CE5DF3BEC5}.Release|x64.ActiveCfg = Release|Any CPU
		{1BE52906-F2B5-4D9D-ABB2-52CE5DF3BEC5}.Release|x64.Build.0 = Release|Any CPU
		{1BE52906-F2B5-4D9D-ABB2-52CE5DF3BEC5}.Release|x86.ActiveCfg = Release|Any CPU
		{1BE52906-F2B5-4D9D-ABB2-52CE5DF3BEC5}.Release|x86.Build.0 = Release|Any CPU
		{8C8DCDF9-3F9A-42CF-BC78-249BC813CB57}.Debug|Any CPU.ActiveCfg = Debug|Any CPU
		{8C8DCDF9-3F9A-42CF-BC78-249BC813CB57}.Debug|Any CPU.Build.0 = Debug|Any CPU
		{8C8DCDF9-3F9A-42CF-BC78-249BC813CB57}.Debug|x64.ActiveCfg = Debug|Any CPU
		{8C8DCDF9-3F9A-42CF-BC78-249BC813CB57}.Debug|x64.Build.0 = Debug|Any CPU
		{8C8DCDF9-3F9A-42CF-BC78-249BC813CB57}.Debug|x86.ActiveCfg = Debug|Any CPU
		{8C8DCDF9-3F9A-42CF-BC78-249BC813CB57}.Debug|x86.Build.0 = Debug|Any CPU
		{8C8DCDF9-3F9A-42CF-BC78-249BC813CB57}.Release|Any CPU.ActiveCfg = Release|Any CPU
		{8C8DCDF9-3F9A-42CF-BC78-249BC813CB57}.Release|Any CPU.Build.0 = Release|Any CPU
		{8C8DCDF9-3F9A-42CF-BC78-249BC813CB57}.Release|x64.ActiveCfg = Release|Any CPU
		{8C8DCDF9-3F9A-42CF-BC78-249BC813CB57}.Release|x64.Build.0 = Release|Any CPU
		{8C8DCDF9-3F9A-42CF-BC78-249BC813CB57}.Release|x86.ActiveCfg = Release|Any CPU
		{8C8DCDF9-3F9A-42CF-BC78-249BC813CB57}.Release|x86.Build.0 = Release|Any CPU
		{6C2E66D4-D081-4655-AEF5-E635EE046250}.Debug|Any CPU.ActiveCfg = Debug|Any CPU
		{6C2E66D4-D081-4655-AEF5-E635EE046250}.Debug|Any CPU.Build.0 = Debug|Any CPU
		{6C2E66D4-D081-4655-AEF5-E635EE046250}.Debug|x64.ActiveCfg = Debug|Any CPU
		{6C2E66D4-D081-4655-AEF5-E635EE046250}.Debug|x64.Build.0 = Debug|Any CPU
		{6C2E66D4-D081-4655-AEF5-E635EE046250}.Debug|x86.ActiveCfg = Debug|Any CPU
		{6C2E66D4-D081-4655-AEF5-E635EE046250}.Debug|x86.Build.0 = Debug|Any CPU
		{6C2E66D4-D081-4655-AEF5-E635EE046250}.Release|Any CPU.ActiveCfg = Release|Any CPU
		{6C2E66D4-D081-4655-AEF5-E635EE046250}.Release|Any CPU.Build.0 = Release|Any CPU
		{6C2E66D4-D081-4655-AEF5-E635EE046250}.Release|x64.ActiveCfg = Release|Any CPU
		{6C2E66D4-D081-4655-AEF5-E635EE046250}.Release|x64.Build.0 = Release|Any CPU
		{6C2E66D4-D081-4655-AEF5-E635EE046250}.Release|x86.ActiveCfg = Release|Any CPU
		{6C2E66D4-D081-4655-AEF5-E635EE046250}.Release|x86.Build.0 = Release|Any CPU
		{E01D8C04-3DF5-435F-8978-F65DAD31A01D}.Debug|Any CPU.ActiveCfg = Debug|Any CPU
		{E01D8C04-3DF5-435F-8978-F65DAD31A01D}.Debug|Any CPU.Build.0 = Debug|Any CPU
		{E01D8C04-3DF5-435F-8978-F65DAD31A01D}.Debug|x64.ActiveCfg = Debug|Any CPU
		{E01D8C04-3DF5-435F-8978-F65DAD31A01D}.Debug|x64.Build.0 = Debug|Any CPU
		{E01D8C04-3DF5-435F-8978-F65DAD31A01D}.Debug|x86.ActiveCfg = Debug|Any CPU
		{E01D8C04-3DF5-435F-8978-F65DAD31A01D}.Debug|x86.Build.0 = Debug|Any CPU
		{E01D8C04-3DF5-435F-8978-F65DAD31A01D}.Release|Any CPU.ActiveCfg = Release|Any CPU
		{E01D8C04-3DF5-435F-8978-F65DAD31A01D}.Release|Any CPU.Build.0 = Release|Any CPU
		{E01D8C04-3DF5-435F-8978-F65DAD31A01D}.Release|x64.ActiveCfg = Release|Any CPU
		{E01D8C04-3DF5-435F-8978-F65DAD31A01D}.Release|x64.Build.0 = Release|Any CPU
		{E01D8C04-3DF5-435F-8978-F65DAD31A01D}.Release|x86.ActiveCfg = Release|Any CPU
		{E01D8C04-3DF5-435F-8978-F65DAD31A01D}.Release|x86.Build.0 = Release|Any CPU
		{D008B3B5-9E8D-4719-A6DB-88B62A174BDD}.Debug|Any CPU.ActiveCfg = Debug|Any CPU
		{D008B3B5-9E8D-4719-A6DB-88B62A174BDD}.Debug|Any CPU.Build.0 = Debug|Any CPU
		{D008B3B5-9E8D-4719-A6DB-88B62A174BDD}.Debug|x64.ActiveCfg = Debug|Any CPU
		{D008B3B5-9E8D-4719-A6DB-88B62A174BDD}.Debug|x64.Build.0 = Debug|Any CPU
		{D008B3B5-9E8D-4719-A6DB-88B62A174BDD}.Debug|x86.ActiveCfg = Debug|Any CPU
		{D008B3B5-9E8D-4719-A6DB-88B62A174BDD}.Debug|x86.Build.0 = Debug|Any CPU
		{D008B3B5-9E8D-4719-A6DB-88B62A174BDD}.Release|Any CPU.ActiveCfg = Release|Any CPU
		{D008B3B5-9E8D-4719-A6DB-88B62A174BDD}.Release|Any CPU.Build.0 = Release|Any CPU
		{D008B3B5-9E8D-4719-A6DB-88B62A174BDD}.Release|x64.ActiveCfg = Release|Any CPU
		{D008B3B5-9E8D-4719-A6DB-88B62A174BDD}.Release|x64.Build.0 = Release|Any CPU
		{D008B3B5-9E8D-4719-A6DB-88B62A174BDD}.Release|x86.ActiveCfg = Release|Any CPU
		{D008B3B5-9E8D-4719-A6DB-88B62A174BDD}.Release|x86.Build.0 = Release|Any CPU
	EndGlobalSection
	GlobalSection(SolutionProperties) = preSolution
		HideSolutionNode = FALSE
	EndGlobalSection
	GlobalSection(NestedProjects) = preSolution
		{60DD9E79-9080-4FCB-B7DE-90B6EC1B2C3F} = {827E0CD3-B72D-47B6-A68D-7590B98EB39B}
		{73CFF48C-E53E-4C22-9DB4-0C7F7262756A} = {827E0CD3-B72D-47B6-A68D-7590B98EB39B}
		{3BDF7F39-6F78-49E6-AF5F-8B24D8C84FC0} = {827E0CD3-B72D-47B6-A68D-7590B98EB39B}
		{0A6B7FE7-D65F-4D00-B527-2AEBA533AAE6} = {827E0CD3-B72D-47B6-A68D-7590B98EB39B}
		{13D334F6-76A1-440A-B464-63988EF34CA6} = {827E0CD3-B72D-47B6-A68D-7590B98EB39B}
		{1BE52906-F2B5-4D9D-ABB2-52CE5DF3BEC5} = {0AB3BF05-4346-4AA6-1389-037BE0695223}
		{8C8DCDF9-3F9A-42CF-BC78-249BC813CB57} = {0AB3BF05-4346-4AA6-1389-037BE0695223}
		{6C2E66D4-D081-4655-AEF5-E635EE046250} = {0AB3BF05-4346-4AA6-1389-037BE0695223}
		{E01D8C04-3DF5-435F-8978-F65DAD31A01D} = {0AB3BF05-4346-4AA6-1389-037BE0695223}
		{D008B3B5-9E8D-4719-A6DB-88B62A174BDD} = {0AB3BF05-4346-4AA6-1389-037BE0695223}
	EndGlobalSection
EndGlobal
